
Microsoft Visual Studio Solution File, Format Version 12.00
# Visual Studio Version 17
VisualStudioVersion = 17.1.32328.378
MinimumVisualStudioVersion = 10.0.40219.1
Project("{2150E333-8FDC-42A3-9474-1A3956D46DE8}") = "Presentation Layer", "Presentation Layer", "{F3649E48-8B72-4549-8476-0C33F79B015F}"
EndProject
Project("{FAE04EC0-301F-11D3-BF4B-00C04F79EFBC}") = "GUI", "GUI\GUI.csproj", "{16BC6020-3949-42ED-8DDC-BD060FBA550A}"
EndProject
Project("{2150E333-8FDC-42A3-9474-1A3956D46DE8}") = "Data Layer", "Data Layer", "{84F16233-5397-4B6B-900F-D67861416C15}"
EndProject
Project("{2150E333-8FDC-42A3-9474-1A3956D46DE8}") = "Business Layer", "Business Layer", "{B3AE4078-6A15-4A09-88A1-B589FEDEC466}"
EndProject
Global
	GlobalSection(SolutionConfigurationPlatforms) = preSolution
		Debug|Any CPU = Debug|Any CPU
		Release|Any CPU = Release|Any CPU
	EndGlobalSection
	GlobalSection(ProjectConfigurationPlatforms) = postSolution
		{16BC6020-3949-42ED-8DDC-BD060FBA550A}.Debug|Any CPU.ActiveCfg = Debug|Any CPU
		{16BC6020-3949-42ED-8DDC-BD060FBA550A}.Debug|Any CPU.Build.0 = Debug|Any CPU
		{16BC6020-3949-42ED-8DDC-BD060FBA550A}.Release|Any CPU.ActiveCfg = Release|Any CPU
		{16BC6020-3949-42ED-8DDC-BD060FBA550A}.Release|Any CPU.Build.0 = Release|Any CPU
	EndGlobalSection
	GlobalSection(SolutionProperties) = preSolution
		HideSolutionNode = FALSE
	EndGlobalSection
	GlobalSection(NestedProjects) = preSolution
		{16BC6020-3949-42ED-8DDC-BD060FBA550A} = {F3649E48-8B72-4549-8476-0C33F79B015F}
	EndGlobalSection
	GlobalSection(ExtensibilityGlobals) = postSolution
		SolutionGuid = {81394E2D-3005-4366-8A6F-8EBBC64B49BA}
	EndGlobalSection
EndGlobal
